{
  "lockfile_version": "1",
  "packages": {
    "python311@latest": {
      "last_modified": "2023-06-29T16:20:38Z",
      "plugin_version": "0.0.1",
      "resolved": "github:NixOS/nixpkgs/3c614fbc76fc152f3e1bc4b2263da6d90adf80fb#python311",
      "source": "devbox-search",
      "version": "3.11.4"
    },
    "rabbitmq-server@latest": {
      "last_modified": "2023-06-29T16:20:38Z",
      "resolved": "github:NixOS/nixpkgs/3c614fbc76fc152f3e1bc4b2263da6d90adf80fb#rabbitmq-server",
      "source": "devbox-search",
      "version": "3.12.0"
    }
  }
}
