{
  "lockfile_version": "1",
  "packages": {
    "mongodb@latest": {
      "last_modified": "2023-06-29T16:20:38Z",
      "resolved": "github:NixOS/nixpkgs/3c614fbc76fc152f3e1bc4b2263da6d90adf80fb#mongodb",
      "source": "devbox-search",
      "version": "6.0.6"
    },
    "mongosh@latest": {
      "last_modified": "2023-06-29T16:20:38Z",
      "resolved": "github:NixOS/nixpkgs/3c614fbc76fc152f3e1bc4b2263da6d90adf80fb#mongosh",
      "source": "devbox-search",
      "version": "1.9.1"
    }
  }
}
